// !$*UTF8*$!
{
	archiveVersion = 1;
	classes = {
	};
	objectVersion = 55;
	objects = {

/* Begin PBXBuildFile section */
		260F9992289D1B460010E258 /* AppDelegate.swift in Sources */ = {isa = PBXBuildFile; fileRef = 260F9991289D1B460010E258 /* AppDelegate.swift */; };
		260F9994289D1B460010E258 /* SceneDelegate.swift in Sources */ = {isa = PBXBuildFile; fileRef = 260F9993289D1B460010E258 /* SceneDelegate.swift */; };
		260F9996289D1B460010E258 /* ViewController.swift in Sources */ = {isa = PBXBuildFile; fileRef = 260F9995289D1B460010E258 /* ViewController.swift */; };
		260F999E289D1B470010E258 /* Assets.xcassets in Resources */ = {isa = PBXBuildFile; fileRef = 260F999D289D1B470010E258 /* Assets.xcassets */; };
		260F99A1289D1B470010E258 /* LaunchScreen.storyboard in Resources */ = {isa = PBXBuildFile; fileRef = 260F999F289D1B470010E258 /* LaunchScreen.storyboard */; };
		26272A3B28A9E65D0097B19E /* CourseEntity+CoreDataClass.swift in Sources */ = {isa = PBXBuildFile; fileRef = 26272A3528A9E65D0097B19E /* CourseEntity+CoreDataClass.swift */; };
		26272A3C28A9E65D0097B19E /* CourseEntity+CoreDataProperties.swift in Sources */ = {isa = PBXBuildFile; fileRef = 26272A3628A9E65D0097B19E /* CourseEntity+CoreDataProperties.swift */; };
		26272A3D28A9E65D0097B19E /* HeroEntity+CoreDataClass.swift in Sources */ = {isa = PBXBuildFile; fileRef = 26272A3728A9E65D0097B19E /* HeroEntity+CoreDataClass.swift */; };
		26272A3E28A9E65D0097B19E /* HeroEntity+CoreDataProperties.swift in Sources */ = {isa = PBXBuildFile; fileRef = 26272A3828A9E65D0097B19E /* HeroEntity+CoreDataProperties.swift */; };
		26272A3F28A9E65D0097B19E /* PinEntity+CoreDataClass.swift in Sources */ = {isa = PBXBuildFile; fileRef = 26272A3928A9E65D0097B19E /* PinEntity+CoreDataClass.swift */; };
		26272A4028A9E65D0097B19E /* PinEntity+CoreDataProperties.swift in Sources */ = {isa = PBXBuildFile; fileRef = 26272A3A28A9E65D0097B19E /* PinEntity+CoreDataProperties.swift */; };
		268A8D1028AADED80095A324 /* Model.xcdatamodeld in Sources */ = {isa = PBXBuildFile; fileRef = 260F999A289D1B460010E258 /* Model.xcdatamodeld */; };
		2694641428A65FD000485526 /* HeroListCell.swift in Sources */ = {isa = PBXBuildFile; fileRef = 2694641328A65FD000485526 /* HeroListCell.swift */; };
		2694641928A6973C00485526 /* HeroListDescriptionCell.swift in Sources */ = {isa = PBXBuildFile; fileRef = 2694641828A6973C00485526 /* HeroListDescriptionCell.swift */; };
		2694641B28A7577300485526 /* CollectionViewHeader.swift in Sources */ = {isa = PBXBuildFile; fileRef = 2694641A28A7577300485526 /* CollectionViewHeader.swift */; };
		26AD066128A7B1A7008A4169 /* HeroDetailViewController.swift in Sources */ = {isa = PBXBuildFile; fileRef = 26AD066028A7B1A7008A4169 /* HeroDetailViewController.swift */; };
		26DD473828ABB6D8006C01E2 /* CoreDataManager.swift in Sources */ = {isa = PBXBuildFile; fileRef = 26DD473728ABB6D8006C01E2 /* CoreDataManager.swift */; };
		26F01C4F28A3F57800D3FD88 /* HeroListViewController.swift in Sources */ = {isa = PBXBuildFile; fileRef = 26F01C4E28A3F57800D3FD88 /* HeroListViewController.swift */; };
		38DE9B5128AC02AF00C2B001 /* BlackBoardTextData.swift in Sources */ = {isa = PBXBuildFile; fileRef = 38DE9B5028AC02AF00C2B001 /* BlackBoardTextData.swift */; };
		38DE9B5328AC152500C2B001 /* Date+Extension.swift in Sources */ = {isa = PBXBuildFile; fileRef = 38DE9B5228AC152500C2B001 /* Date+Extension.swift */; };
		38DE9B5528AC1A4B00C2B001 /* ulsanjunggu.ttf in Resources */ = {isa = PBXBuildFile; fileRef = 38DE9B5428AC1A4B00C2B001 /* ulsanjunggu.ttf */; };
		38DE9B5A28ACCDF200C2B001 /* ARViewController.swift in Sources */ = {isa = PBXBuildFile; fileRef = 38DE9B5928ACCDF200C2B001 /* ARViewController.swift */; };
		38DE9B5C28ACCDFA00C2B001 /* ARView.storyboard in Resources */ = {isa = PBXBuildFile; fileRef = 38DE9B5B28ACCDFA00C2B001 /* ARView.storyboard */; };
		7539DC3959AA009030BA88E8 /* Pods_IntoHistory.framework in Frameworks */ = {isa = PBXBuildFile; fileRef = D5AB256B7E455FBDF91C78F0 /* Pods_IntoHistory.framework */; };
		7B2C3E0628A3D85900BF197D /* AutoLayout+Extension.swift in Sources */ = {isa = PBXBuildFile; fileRef = 7B2C3E0528A3D85900BF197D /* AutoLayout+Extension.swift */; };
		7B2C3E0928A3D8FA00BF197D /* Color+Extension.swift in Sources */ = {isa = PBXBuildFile; fileRef = 7B2C3E0828A3D8FA00BF197D /* Color+Extension.swift */; };
		7B2C3E0B28A3DDD300BF197D /* MainViewController.swift in Sources */ = {isa = PBXBuildFile; fileRef = 7B2C3E0A28A3DDD300BF197D /* MainViewController.swift */; };
		7B32F65628A6758E00F4CB48 /* MainViewButton.swift in Sources */ = {isa = PBXBuildFile; fileRef = 7B32F65528A6758E00F4CB48 /* MainViewButton.swift */; };
		9828EC8C28A600DF00D0D82E /* CourseData.swift in Sources */ = {isa = PBXBuildFile; fileRef = 9828EC8628A600DF00D0D82E /* CourseData.swift */; };
		9828EC8D28A600DF00D0D82E /* LoadingCourseJSON.swift in Sources */ = {isa = PBXBuildFile; fileRef = 9828EC8728A600DF00D0D82E /* LoadingCourseJSON.swift */; };
		9828EC9628A667AA00D0D82E /* ImageLiteral.swift in Sources */ = {isa = PBXBuildFile; fileRef = 9828EC9528A667AA00D0D82E /* ImageLiteral.swift */; };
		9828EC9828A69F7B00D0D82E /* CourseListViewController.swift in Sources */ = {isa = PBXBuildFile; fileRef = 9828EC9728A69F7B00D0D82E /* CourseListViewController.swift */; };
		9835250928A4FFDB002C2B20 /* NMapViewController.swift in Sources */ = {isa = PBXBuildFile; fileRef = 9835250828A4FFDB002C2B20 /* NMapViewController.swift */; };
		9847904C28A96D8500FC5995 /* CourseListUIComponents.swift in Sources */ = {isa = PBXBuildFile; fileRef = 9847904B28A96D8500FC5995 /* CourseListUIComponents.swift */; };
		9847905128AA0CC700FC5995 /* UIView+Extension.swift in Sources */ = {isa = PBXBuildFile; fileRef = 9847905028AA0CC700FC5995 /* UIView+Extension.swift */; };
		9847905428AA3A2600FC5995 /* course_json.json in Resources */ = {isa = PBXBuildFile; fileRef = 9828EC8A28A600DF00D0D82E /* course_json.json */; };
		9877CF1728A7CD3400CC2D5B /* CourseListCell.swift in Sources */ = {isa = PBXBuildFile; fileRef = 9877CF1628A7CD3400CC2D5B /* CourseListCell.swift */; };
		9877CF1928A9205400CC2D5B /* DetailCourseViewController.swift in Sources */ = {isa = PBXBuildFile; fileRef = 9877CF1828A9205400CC2D5B /* DetailCourseViewController.swift */; };
		9877CF1B28A9206F00CC2D5B /* DetailCourseCell.swift in Sources */ = {isa = PBXBuildFile; fileRef = 9877CF1A28A9206F00CC2D5B /* DetailCourseCell.swift */; };
		9877CF1D28A9336200CC2D5B /* DetailCourseHeader.swift in Sources */ = {isa = PBXBuildFile; fileRef = 9877CF1C28A9336200CC2D5B /* DetailCourseHeader.swift */; };
/* End PBXBuildFile section */

/* Begin PBXFileReference section */
		0AF13A4023B2AC0C86E1AACC /* Pods-IntoHistory.debug.xcconfig */ = {isa = PBXFileReference; includeInIndex = 1; lastKnownFileType = text.xcconfig; name = "Pods-IntoHistory.debug.xcconfig"; path = "Target Support Files/Pods-IntoHistory/Pods-IntoHistory.debug.xcconfig"; sourceTree = "<group>"; };
		260F998E289D1B460010E258 /* IntoHistory.app */ = {isa = PBXFileReference; explicitFileType = wrapper.application; includeInIndex = 0; path = IntoHistory.app; sourceTree = BUILT_PRODUCTS_DIR; };
		260F9991289D1B460010E258 /* AppDelegate.swift */ = {isa = PBXFileReference; lastKnownFileType = sourcecode.swift; path = AppDelegate.swift; sourceTree = "<group>"; };
		260F9993289D1B460010E258 /* SceneDelegate.swift */ = {isa = PBXFileReference; lastKnownFileType = sourcecode.swift; path = SceneDelegate.swift; sourceTree = "<group>"; };
		260F9995289D1B460010E258 /* ViewController.swift */ = {isa = PBXFileReference; lastKnownFileType = sourcecode.swift; path = ViewController.swift; sourceTree = "<group>"; };
		260F999B289D1B460010E258 /* IntoHistory.xcdatamodel */ = {isa = PBXFileReference; lastKnownFileType = wrapper.xcdatamodel; path = IntoHistory.xcdatamodel; sourceTree = "<group>"; };
		260F999D289D1B470010E258 /* Assets.xcassets */ = {isa = PBXFileReference; lastKnownFileType = folder.assetcatalog; path = Assets.xcassets; sourceTree = "<group>"; };
		260F99A0289D1B470010E258 /* Base */ = {isa = PBXFileReference; lastKnownFileType = file.storyboard; name = Base; path = Base.lproj/LaunchScreen.storyboard; sourceTree = "<group>"; };
		260F99A2289D1B470010E258 /* Info.plist */ = {isa = PBXFileReference; lastKnownFileType = text.plist.xml; path = Info.plist; sourceTree = "<group>"; };
		26272A3528A9E65D0097B19E /* CourseEntity+CoreDataClass.swift */ = {isa = PBXFileReference; lastKnownFileType = sourcecode.swift; path = "CourseEntity+CoreDataClass.swift"; sourceTree = "<group>"; };
		26272A3628A9E65D0097B19E /* CourseEntity+CoreDataProperties.swift */ = {isa = PBXFileReference; lastKnownFileType = sourcecode.swift; path = "CourseEntity+CoreDataProperties.swift"; sourceTree = "<group>"; };
		26272A3728A9E65D0097B19E /* HeroEntity+CoreDataClass.swift */ = {isa = PBXFileReference; lastKnownFileType = sourcecode.swift; path = "HeroEntity+CoreDataClass.swift"; sourceTree = "<group>"; };
		26272A3828A9E65D0097B19E /* HeroEntity+CoreDataProperties.swift */ = {isa = PBXFileReference; lastKnownFileType = sourcecode.swift; path = "HeroEntity+CoreDataProperties.swift"; sourceTree = "<group>"; };
		26272A3928A9E65D0097B19E /* PinEntity+CoreDataClass.swift */ = {isa = PBXFileReference; lastKnownFileType = sourcecode.swift; path = "PinEntity+CoreDataClass.swift"; sourceTree = "<group>"; };
		26272A3A28A9E65D0097B19E /* PinEntity+CoreDataProperties.swift */ = {isa = PBXFileReference; lastKnownFileType = sourcecode.swift; path = "PinEntity+CoreDataProperties.swift"; sourceTree = "<group>"; };
		2694641328A65FD000485526 /* HeroListCell.swift */ = {isa = PBXFileReference; lastKnownFileType = sourcecode.swift; path = HeroListCell.swift; sourceTree = "<group>"; };
		2694641828A6973C00485526 /* HeroListDescriptionCell.swift */ = {isa = PBXFileReference; lastKnownFileType = sourcecode.swift; path = HeroListDescriptionCell.swift; sourceTree = "<group>"; };
		2694641A28A7577300485526 /* CollectionViewHeader.swift */ = {isa = PBXFileReference; lastKnownFileType = sourcecode.swift; path = CollectionViewHeader.swift; sourceTree = "<group>"; };
		26AD066028A7B1A7008A4169 /* HeroDetailViewController.swift */ = {isa = PBXFileReference; lastKnownFileType = sourcecode.swift; path = HeroDetailViewController.swift; sourceTree = "<group>"; };
		26DD473728ABB6D8006C01E2 /* CoreDataManager.swift */ = {isa = PBXFileReference; lastKnownFileType = sourcecode.swift; path = CoreDataManager.swift; sourceTree = "<group>"; };
		26F01C4E28A3F57800D3FD88 /* HeroListViewController.swift */ = {isa = PBXFileReference; lastKnownFileType = sourcecode.swift; path = HeroListViewController.swift; sourceTree = "<group>"; };
		31444BDF2B6EE4561E242759 /* Pods-IntoHistory.release.xcconfig */ = {isa = PBXFileReference; includeInIndex = 1; lastKnownFileType = text.xcconfig; name = "Pods-IntoHistory.release.xcconfig"; path = "Target Support Files/Pods-IntoHistory/Pods-IntoHistory.release.xcconfig"; sourceTree = "<group>"; };
		38DE9B5028AC02AF00C2B001 /* BlackBoardTextData.swift */ = {isa = PBXFileReference; lastKnownFileType = sourcecode.swift; path = BlackBoardTextData.swift; sourceTree = "<group>"; };
		38DE9B5228AC152500C2B001 /* Date+Extension.swift */ = {isa = PBXFileReference; lastKnownFileType = sourcecode.swift; path = "Date+Extension.swift"; sourceTree = "<group>"; };
		38DE9B5428AC1A4B00C2B001 /* ulsanjunggu.ttf */ = {isa = PBXFileReference; lastKnownFileType = file; path = ulsanjunggu.ttf; sourceTree = "<group>"; };
		38DE9B5928ACCDF200C2B001 /* ARViewController.swift */ = {isa = PBXFileReference; lastKnownFileType = sourcecode.swift; path = ARViewController.swift; sourceTree = "<group>"; };
		38DE9B5B28ACCDFA00C2B001 /* ARView.storyboard */ = {isa = PBXFileReference; lastKnownFileType = file.storyboard; path = ARView.storyboard; sourceTree = "<group>"; };
		7B2C3E0528A3D85900BF197D /* AutoLayout+Extension.swift */ = {isa = PBXFileReference; lastKnownFileType = sourcecode.swift; path = "AutoLayout+Extension.swift"; sourceTree = "<group>"; };
		7B2C3E0828A3D8FA00BF197D /* Color+Extension.swift */ = {isa = PBXFileReference; lastKnownFileType = sourcecode.swift; path = "Color+Extension.swift"; sourceTree = "<group>"; };
		7B2C3E0A28A3DDD300BF197D /* MainViewController.swift */ = {isa = PBXFileReference; lastKnownFileType = sourcecode.swift; path = MainViewController.swift; sourceTree = "<group>"; };
		7B32F65528A6758E00F4CB48 /* MainViewButton.swift */ = {isa = PBXFileReference; lastKnownFileType = sourcecode.swift; path = MainViewButton.swift; sourceTree = "<group>"; };
		9828EC8628A600DF00D0D82E /* CourseData.swift */ = {isa = PBXFileReference; fileEncoding = 4; lastKnownFileType = sourcecode.swift; path = CourseData.swift; sourceTree = "<group>"; };
		9828EC8728A600DF00D0D82E /* LoadingCourseJSON.swift */ = {isa = PBXFileReference; fileEncoding = 4; lastKnownFileType = sourcecode.swift; path = LoadingCourseJSON.swift; sourceTree = "<group>"; };
		9828EC8A28A600DF00D0D82E /* course_json.json */ = {isa = PBXFileReference; fileEncoding = 4; lastKnownFileType = text.json; path = course_json.json; sourceTree = "<group>"; };
		9828EC9528A667AA00D0D82E /* ImageLiteral.swift */ = {isa = PBXFileReference; lastKnownFileType = sourcecode.swift; path = ImageLiteral.swift; sourceTree = "<group>"; };
		9828EC9728A69F7B00D0D82E /* CourseListViewController.swift */ = {isa = PBXFileReference; fileEncoding = 4; lastKnownFileType = sourcecode.swift; path = CourseListViewController.swift; sourceTree = "<group>"; };
		9835250828A4FFDB002C2B20 /* NMapViewController.swift */ = {isa = PBXFileReference; lastKnownFileType = sourcecode.swift; path = NMapViewController.swift; sourceTree = "<group>"; };
		9847904B28A96D8500FC5995 /* CourseListUIComponents.swift */ = {isa = PBXFileReference; lastKnownFileType = sourcecode.swift; path = CourseListUIComponents.swift; sourceTree = "<group>"; };
		9847905028AA0CC700FC5995 /* UIView+Extension.swift */ = {isa = PBXFileReference; lastKnownFileType = sourcecode.swift; path = "UIView+Extension.swift"; sourceTree = "<group>"; };
		9877CF1628A7CD3400CC2D5B /* CourseListCell.swift */ = {isa = PBXFileReference; lastKnownFileType = sourcecode.swift; path = CourseListCell.swift; sourceTree = "<group>"; };
		9877CF1828A9205400CC2D5B /* DetailCourseViewController.swift */ = {isa = PBXFileReference; lastKnownFileType = sourcecode.swift; path = DetailCourseViewController.swift; sourceTree = "<group>"; };
		9877CF1A28A9206F00CC2D5B /* DetailCourseCell.swift */ = {isa = PBXFileReference; lastKnownFileType = sourcecode.swift; path = DetailCourseCell.swift; sourceTree = "<group>"; };
		9877CF1C28A9336200CC2D5B /* DetailCourseHeader.swift */ = {isa = PBXFileReference; lastKnownFileType = sourcecode.swift; path = DetailCourseHeader.swift; sourceTree = "<group>"; };
		D5AB256B7E455FBDF91C78F0 /* Pods_IntoHistory.framework */ = {isa = PBXFileReference; explicitFileType = wrapper.framework; includeInIndex = 0; path = Pods_IntoHistory.framework; sourceTree = BUILT_PRODUCTS_DIR; };
/* End PBXFileReference section */

/* Begin PBXFrameworksBuildPhase section */
		260F998B289D1B460010E258 /* Frameworks */ = {
			isa = PBXFrameworksBuildPhase;
			buildActionMask = 2147483647;
			files = (
				7539DC3959AA009030BA88E8 /* Pods_IntoHistory.framework in Frameworks */,
			);
			runOnlyForDeploymentPostprocessing = 0;
		};
/* End PBXFrameworksBuildPhase section */

/* Begin PBXGroup section */
		260F9985289D1B460010E258 = {
			isa = PBXGroup;
			children = (
				260F9990289D1B460010E258 /* IntoHistory */,
				260F998F289D1B460010E258 /* Products */,
				D248856CD8D1AB8367A7B5B7 /* Frameworks */,
				2861C5E7D5B62E2D060652C9 /* Pods */,
			);
			sourceTree = "<group>";
		};
		260F998F289D1B460010E258 /* Products */ = {
			isa = PBXGroup;
			children = (
				260F998E289D1B460010E258 /* IntoHistory.app */,
			);
			name = Products;
			sourceTree = "<group>";
		};
		260F9990289D1B460010E258 /* IntoHistory */ = {
			isa = PBXGroup;
			children = (
				38DE9B5828ACCDDF00C2B001 /* ARView */,
				38DE9B5428AC1A4B00C2B001 /* ulsanjunggu.ttf */,
				7B32F65128A674A600F4CB48 /* MainView */,
				260F9991289D1B460010E258 /* AppDelegate.swift */,
				260F9993289D1B460010E258 /* SceneDelegate.swift */,
				260F9995289D1B460010E258 /* ViewController.swift */,
				9835250828A4FFDB002C2B20 /* NMapViewController.swift */,
				9847904E28A9781300FC5995 /* CourseListView */,
				9847904D28A9780E00FC5995 /* DetailCourseView */,
				9847904F28A9782100FC5995 /* CourseUIComponent */,
				9828EC9428A6679900D0D82E /* Literal */,
				260F999D289D1B470010E258 /* Assets.xcassets */,
				260F999F289D1B470010E258 /* LaunchScreen.storyboard */,
				260F99A2289D1B470010E258 /* Info.plist */,
				2694641A28A7577300485526 /* CollectionViewHeader.swift */,
				2694641328A65FD000485526 /* HeroListCell.swift */,
				2694641828A6973C00485526 /* HeroListDescriptionCell.swift */,
				26F01C4E28A3F57800D3FD88 /* HeroListViewController.swift */,
				26AD066028A7B1A7008A4169 /* HeroDetailViewController.swift */,
				26272A3428A9E5850097B19E /* Coredata */,
				7B2C3E0728A3D86200BF197D /* Extension */,
				9828EC8428A600D300D0D82E /* Data */,
			);
			path = IntoHistory;
			sourceTree = "<group>";
		};
		26272A3428A9E5850097B19E /* Coredata */ = {
			isa = PBXGroup;
			children = (
				26272A3528A9E65D0097B19E /* CourseEntity+CoreDataClass.swift */,
				26272A3628A9E65D0097B19E /* CourseEntity+CoreDataProperties.swift */,
				26272A3728A9E65D0097B19E /* HeroEntity+CoreDataClass.swift */,
				26272A3828A9E65D0097B19E /* HeroEntity+CoreDataProperties.swift */,
				26272A3928A9E65D0097B19E /* PinEntity+CoreDataClass.swift */,
				26272A3A28A9E65D0097B19E /* PinEntity+CoreDataProperties.swift */,
				260F999A289D1B460010E258 /* Model.xcdatamodeld */,
				26DD473728ABB6D8006C01E2 /* CoreDataManager.swift */,
			);
			path = Coredata;
			sourceTree = "<group>";
		};
		2861C5E7D5B62E2D060652C9 /* Pods */ = {
			isa = PBXGroup;
			children = (
				0AF13A4023B2AC0C86E1AACC /* Pods-IntoHistory.debug.xcconfig */,
				31444BDF2B6EE4561E242759 /* Pods-IntoHistory.release.xcconfig */,
			);
			path = Pods;
			sourceTree = "<group>";
		};
		38DE9B5828ACCDDF00C2B001 /* ARView */ = {
			isa = PBXGroup;
			children = (
				38DE9B5928ACCDF200C2B001 /* ARViewController.swift */,
				38DE9B5B28ACCDFA00C2B001 /* ARView.storyboard */,
			);
			path = ARView;
			sourceTree = "<group>";
		};
		7B2C3E0728A3D86200BF197D /* Extension */ = {
			isa = PBXGroup;
			children = (
				7B2C3E0528A3D85900BF197D /* AutoLayout+Extension.swift */,
				7B2C3E0828A3D8FA00BF197D /* Color+Extension.swift */,
				9847905028AA0CC700FC5995 /* UIView+Extension.swift */,
				38DE9B5228AC152500C2B001 /* Date+Extension.swift */,
			);
			path = Extension;
			sourceTree = "<group>";
		};
		7B32F65128A674A600F4CB48 /* MainView */ = {
			isa = PBXGroup;
			children = (
				38DE9B5028AC02AF00C2B001 /* BlackBoardTextData.swift */,
				7B2C3E0A28A3DDD300BF197D /* MainViewController.swift */,
				7B32F65428A6750800F4CB48 /* support Views */,
			);
			path = MainView;
			sourceTree = "<group>";
		};
		7B32F65428A6750800F4CB48 /* support Views */ = {
			isa = PBXGroup;
			children = (
				7B32F65528A6758E00F4CB48 /* MainViewButton.swift */,
			);
			path = "support Views";
			sourceTree = "<group>";
		};
		9828EC8428A600D300D0D82E /* Data */ = {
			isa = PBXGroup;
			children = (
				9828EC8A28A600DF00D0D82E /* course_json.json */,
				9828EC8628A600DF00D0D82E /* CourseData.swift */,
				9828EC8728A600DF00D0D82E /* LoadingCourseJSON.swift */,
			);
			path = Data;
			sourceTree = "<group>";
		};
		9828EC9428A6679900D0D82E /* Literal */ = {
			isa = PBXGroup;
			children = (
				9828EC9528A667AA00D0D82E /* ImageLiteral.swift */,
			);
			path = Literal;
			sourceTree = "<group>";
		};
		9847904D28A9780E00FC5995 /* DetailCourseView */ = {
			isa = PBXGroup;
			children = (
				9877CF1828A9205400CC2D5B /* DetailCourseViewController.swift */,
				9877CF1C28A9336200CC2D5B /* DetailCourseHeader.swift */,
				9877CF1A28A9206F00CC2D5B /* DetailCourseCell.swift */,
			);
			path = DetailCourseView;
			sourceTree = "<group>";
		};
		9847904E28A9781300FC5995 /* CourseListView */ = {
			isa = PBXGroup;
			children = (
				9828EC9728A69F7B00D0D82E /* CourseListViewController.swift */,
				9877CF1628A7CD3400CC2D5B /* CourseListCell.swift */,
			);
			path = CourseListView;
			sourceTree = "<group>";
		};
		9847904F28A9782100FC5995 /* CourseUIComponent */ = {
			isa = PBXGroup;
			children = (
				9847904B28A96D8500FC5995 /* CourseListUIComponents.swift */,
			);
			path = CourseUIComponent;
			sourceTree = "<group>";
		};
		D248856CD8D1AB8367A7B5B7 /* Frameworks */ = {
			isa = PBXGroup;
			children = (
				D5AB256B7E455FBDF91C78F0 /* Pods_IntoHistory.framework */,
			);
			path = Frameworks;
			sourceTree = "<group>";
		};
/* End PBXGroup section */

/* Begin PBXNativeTarget section */
		260F998D289D1B460010E258 /* IntoHistory */ = {
			isa = PBXNativeTarget;
			buildConfigurationList = 260F99A5289D1B470010E258 /* Build configuration list for PBXNativeTarget "IntoHistory" */;
			buildPhases = (
				C242CF5D42093C5A9E004477 /* [CP] Check Pods Manifest.lock */,
				260F998A289D1B460010E258 /* Sources */,
				260F998B289D1B460010E258 /* Frameworks */,
				260F998C289D1B460010E258 /* Resources */,
				D3EDBFADE4D0F8EAC554F2A2 /* [CP] Embed Pods Frameworks */,
			);
			buildRules = (
			);
			dependencies = (
			);
			name = IntoHistory;
			productName = IntoHistory;
			productReference = 260F998E289D1B460010E258 /* IntoHistory.app */;
			productType = "com.apple.product-type.application";
		};
/* End PBXNativeTarget section */

/* Begin PBXProject section */
		260F9986289D1B460010E258 /* Project object */ = {
			isa = PBXProject;
			attributes = {
				BuildIndependentTargetsInParallel = 1;
				LastSwiftUpdateCheck = 1340;
				LastUpgradeCheck = 1340;
				TargetAttributes = {
					260F998D289D1B460010E258 = {
						CreatedOnToolsVersion = 13.4.1;
					};
				};
			};
			buildConfigurationList = 260F9989289D1B460010E258 /* Build configuration list for PBXProject "IntoHistory" */;
			compatibilityVersion = "Xcode 13.0";
			developmentRegion = en;
			hasScannedForEncodings = 0;
			knownRegions = (
				en,
				Base,
			);
			mainGroup = 260F9985289D1B460010E258;
			productRefGroup = 260F998F289D1B460010E258 /* Products */;
			projectDirPath = "";
			projectRoot = "";
			targets = (
				260F998D289D1B460010E258 /* IntoHistory */,
			);
		};
/* End PBXProject section */

/* Begin PBXResourcesBuildPhase section */
		260F998C289D1B460010E258 /* Resources */ = {
			isa = PBXResourcesBuildPhase;
			buildActionMask = 2147483647;
			files = (
				9847905428AA3A2600FC5995 /* course_json.json in Resources */,
				260F99A1289D1B470010E258 /* LaunchScreen.storyboard in Resources */,
				38DE9B5C28ACCDFA00C2B001 /* ARView.storyboard in Resources */,
				38DE9B5528AC1A4B00C2B001 /* ulsanjunggu.ttf in Resources */,
				260F999E289D1B470010E258 /* Assets.xcassets in Resources */,
			);
			runOnlyForDeploymentPostprocessing = 0;
		};
/* End PBXResourcesBuildPhase section */

/* Begin PBXShellScriptBuildPhase section */
		C242CF5D42093C5A9E004477 /* [CP] Check Pods Manifest.lock */ = {
			isa = PBXShellScriptBuildPhase;
			buildActionMask = 2147483647;
			files = (
			);
			inputFileListPaths = (
			);
			inputPaths = (
				"${PODS_PODFILE_DIR_PATH}/Podfile.lock",
				"${PODS_ROOT}/Manifest.lock",
			);
			name = "[CP] Check Pods Manifest.lock";
			outputFileListPaths = (
			);
			outputPaths = (
				"$(DERIVED_FILE_DIR)/Pods-IntoHistory-checkManifestLockResult.txt",
			);
			runOnlyForDeploymentPostprocessing = 0;
			shellPath = /bin/sh;
			shellScript = "diff \"${PODS_PODFILE_DIR_PATH}/Podfile.lock\" \"${PODS_ROOT}/Manifest.lock\" > /dev/null\nif [ $? != 0 ] ; then\n    # print error to STDERR\n    echo \"error: The sandbox is not in sync with the Podfile.lock. Run 'pod install' or update your CocoaPods installation.\" >&2\n    exit 1\nfi\n# This output is used by Xcode 'outputs' to avoid re-running this script phase.\necho \"SUCCESS\" > \"${SCRIPT_OUTPUT_FILE_0}\"\n";
			showEnvVarsInLog = 0;
		};
		D3EDBFADE4D0F8EAC554F2A2 /* [CP] Embed Pods Frameworks */ = {
			isa = PBXShellScriptBuildPhase;
			buildActionMask = 2147483647;
			files = (
			);
			inputFileListPaths = (
				"${PODS_ROOT}/Target Support Files/Pods-IntoHistory/Pods-IntoHistory-frameworks-${CONFIGURATION}-input-files.xcfilelist",
			);
			name = "[CP] Embed Pods Frameworks";
			outputFileListPaths = (
				"${PODS_ROOT}/Target Support Files/Pods-IntoHistory/Pods-IntoHistory-frameworks-${CONFIGURATION}-output-files.xcfilelist",
			);
			runOnlyForDeploymentPostprocessing = 0;
			shellPath = /bin/sh;
			shellScript = "\"${PODS_ROOT}/Target Support Files/Pods-IntoHistory/Pods-IntoHistory-frameworks.sh\"\n";
			showEnvVarsInLog = 0;
		};
/* End PBXShellScriptBuildPhase section */

/* Begin PBXSourcesBuildPhase section */
		260F998A289D1B460010E258 /* Sources */ = {
			isa = PBXSourcesBuildPhase;
			buildActionMask = 2147483647;
			files = (
				268A8D1028AADED80095A324 /* Model.xcdatamodeld in Sources */,
				9828EC9628A667AA00D0D82E /* ImageLiteral.swift in Sources */,
				7B2C3E0928A3D8FA00BF197D /* Color+Extension.swift in Sources */,
				26272A3B28A9E65D0097B19E /* CourseEntity+CoreDataClass.swift in Sources */,
				9877CF1728A7CD3400CC2D5B /* CourseListCell.swift in Sources */,
				9847905128AA0CC700FC5995 /* UIView+Extension.swift in Sources */,
				9877CF1B28A9206F00CC2D5B /* DetailCourseCell.swift in Sources */,
				7B2C3E0628A3D85900BF197D /* AutoLayout+Extension.swift in Sources */,
				7B32F65628A6758E00F4CB48 /* MainViewButton.swift in Sources */,
				260F9996289D1B460010E258 /* ViewController.swift in Sources */,
				9877CF1928A9205400CC2D5B /* DetailCourseViewController.swift in Sources */,
				26DD473828ABB6D8006C01E2 /* CoreDataManager.swift in Sources */,
				9847904C28A96D8500FC5995 /* CourseListUIComponents.swift in Sources */,
				38DE9B5A28ACCDF200C2B001 /* ARViewController.swift in Sources */,
				260F9992289D1B460010E258 /* AppDelegate.swift in Sources */,
				260F9994289D1B460010E258 /* SceneDelegate.swift in Sources */,
				26272A3F28A9E65D0097B19E /* PinEntity+CoreDataClass.swift in Sources */,
				2694641928A6973C00485526 /* HeroListDescriptionCell.swift in Sources */,
				26272A4028A9E65D0097B19E /* PinEntity+CoreDataProperties.swift in Sources */,
				26272A3E28A9E65D0097B19E /* HeroEntity+CoreDataProperties.swift in Sources */,
				2694641428A65FD000485526 /* HeroListCell.swift in Sources */,
				2694641B28A7577300485526 /* CollectionViewHeader.swift in Sources */,
				26F01C4F28A3F57800D3FD88 /* HeroListViewController.swift in Sources */,
				38DE9B5328AC152500C2B001 /* Date+Extension.swift in Sources */,
				26AD066128A7B1A7008A4169 /* HeroDetailViewController.swift in Sources */,
				9828EC8D28A600DF00D0D82E /* LoadingCourseJSON.swift in Sources */,
				26272A3C28A9E65D0097B19E /* CourseEntity+CoreDataProperties.swift in Sources */,
				26272A3D28A9E65D0097B19E /* HeroEntity+CoreDataClass.swift in Sources */,
				9835250928A4FFDB002C2B20 /* NMapViewController.swift in Sources */,
				9828EC9828A69F7B00D0D82E /* CourseListViewController.swift in Sources */,
				9877CF1D28A9336200CC2D5B /* DetailCourseHeader.swift in Sources */,
				38DE9B5128AC02AF00C2B001 /* BlackBoardTextData.swift in Sources */,
				9828EC8C28A600DF00D0D82E /* CourseData.swift in Sources */,
				7B2C3E0B28A3DDD300BF197D /* MainViewController.swift in Sources */,
			);
			runOnlyForDeploymentPostprocessing = 0;
		};
/* End PBXSourcesBuildPhase section */

/* Begin PBXVariantGroup section */
		260F999F289D1B470010E258 /* LaunchScreen.storyboard */ = {
			isa = PBXVariantGroup;
			children = (
				260F99A0289D1B470010E258 /* Base */,
			);
			name = LaunchScreen.storyboard;
			sourceTree = "<group>";
		};
/* End PBXVariantGroup section */

/* Begin XCBuildConfiguration section */
		260F99A3289D1B470010E258 /* Debug */ = {
			isa = XCBuildConfiguration;
			buildSettings = {
				ALWAYS_SEARCH_USER_PATHS = NO;
				CLANG_ANALYZER_NONNULL = YES;
				CLANG_ANALYZER_NUMBER_OBJECT_CONVERSION = YES_AGGRESSIVE;
				CLANG_CXX_LANGUAGE_STANDARD = "gnu++17";
				CLANG_ENABLE_MODULES = YES;
				CLANG_ENABLE_OBJC_ARC = YES;
				CLANG_ENABLE_OBJC_WEAK = YES;
				CLANG_WARN_BLOCK_CAPTURE_AUTORELEASING = YES;
				CLANG_WARN_BOOL_CONVERSION = YES;
				CLANG_WARN_COMMA = YES;
				CLANG_WARN_CONSTANT_CONVERSION = YES;
				CLANG_WARN_DEPRECATED_OBJC_IMPLEMENTATIONS = YES;
				CLANG_WARN_DIRECT_OBJC_ISA_USAGE = YES_ERROR;
				CLANG_WARN_DOCUMENTATION_COMMENTS = YES;
				CLANG_WARN_EMPTY_BODY = YES;
				CLANG_WARN_ENUM_CONVERSION = YES;
				CLANG_WARN_INFINITE_RECURSION = YES;
				CLANG_WARN_INT_CONVERSION = YES;
				CLANG_WARN_NON_LITERAL_NULL_CONVERSION = YES;
				CLANG_WARN_OBJC_IMPLICIT_RETAIN_SELF = YES;
				CLANG_WARN_OBJC_LITERAL_CONVERSION = YES;
				CLANG_WARN_OBJC_ROOT_CLASS = YES_ERROR;
				CLANG_WARN_QUOTED_INCLUDE_IN_FRAMEWORK_HEADER = YES;
				CLANG_WARN_RANGE_LOOP_ANALYSIS = YES;
				CLANG_WARN_STRICT_PROTOTYPES = YES;
				CLANG_WARN_SUSPICIOUS_MOVE = YES;
				CLANG_WARN_UNGUARDED_AVAILABILITY = YES_AGGRESSIVE;
				CLANG_WARN_UNREACHABLE_CODE = YES;
				CLANG_WARN__DUPLICATE_METHOD_MATCH = YES;
				COPY_PHASE_STRIP = NO;
				DEBUG_INFORMATION_FORMAT = dwarf;
				ENABLE_STRICT_OBJC_MSGSEND = YES;
				ENABLE_TESTABILITY = YES;
				GCC_C_LANGUAGE_STANDARD = gnu11;
				GCC_DYNAMIC_NO_PIC = NO;
				GCC_NO_COMMON_BLOCKS = YES;
				GCC_OPTIMIZATION_LEVEL = 0;
				GCC_PREPROCESSOR_DEFINITIONS = (
					"DEBUG=1",
					"$(inherited)",
				);
				GCC_WARN_64_TO_32_BIT_CONVERSION = YES;
				GCC_WARN_ABOUT_RETURN_TYPE = YES_ERROR;
				GCC_WARN_UNDECLARED_SELECTOR = YES;
				GCC_WARN_UNINITIALIZED_AUTOS = YES_AGGRESSIVE;
				GCC_WARN_UNUSED_FUNCTION = YES;
				GCC_WARN_UNUSED_VARIABLE = YES;
				IPHONEOS_DEPLOYMENT_TARGET = 15.0;
				MTL_ENABLE_DEBUG_INFO = INCLUDE_SOURCE;
				MTL_FAST_MATH = YES;
				ONLY_ACTIVE_ARCH = YES;
				SDKROOT = iphoneos;
				SWIFT_ACTIVE_COMPILATION_CONDITIONS = DEBUG;
				SWIFT_OPTIMIZATION_LEVEL = "-Onone";
			};
			name = Debug;
		};
		260F99A4289D1B470010E258 /* Release */ = {
			isa = XCBuildConfiguration;
			buildSettings = {
				ALWAYS_SEARCH_USER_PATHS = NO;
				CLANG_ANALYZER_NONNULL = YES;
				CLANG_ANALYZER_NUMBER_OBJECT_CONVERSION = YES_AGGRESSIVE;
				CLANG_CXX_LANGUAGE_STANDARD = "gnu++17";
				CLANG_ENABLE_MODULES = YES;
				CLANG_ENABLE_OBJC_ARC = YES;
				CLANG_ENABLE_OBJC_WEAK = YES;
				CLANG_WARN_BLOCK_CAPTURE_AUTORELEASING = YES;
				CLANG_WARN_BOOL_CONVERSION = YES;
				CLANG_WARN_COMMA = YES;
				CLANG_WARN_CONSTANT_CONVERSION = YES;
				CLANG_WARN_DEPRECATED_OBJC_IMPLEMENTATIONS = YES;
				CLANG_WARN_DIRECT_OBJC_ISA_USAGE = YES_ERROR;
				CLANG_WARN_DOCUMENTATION_COMMENTS = YES;
				CLANG_WARN_EMPTY_BODY = YES;
				CLANG_WARN_ENUM_CONVERSION = YES;
				CLANG_WARN_INFINITE_RECURSION = YES;
				CLANG_WARN_INT_CONVERSION = YES;
				CLANG_WARN_NON_LITERAL_NULL_CONVERSION = YES;
				CLANG_WARN_OBJC_IMPLICIT_RETAIN_SELF = YES;
				CLANG_WARN_OBJC_LITERAL_CONVERSION = YES;
				CLANG_WARN_OBJC_ROOT_CLASS = YES_ERROR;
				CLANG_WARN_QUOTED_INCLUDE_IN_FRAMEWORK_HEADER = YES;
				CLANG_WARN_RANGE_LOOP_ANALYSIS = YES;
				CLANG_WARN_STRICT_PROTOTYPES = YES;
				CLANG_WARN_SUSPICIOUS_MOVE = YES;
				CLANG_WARN_UNGUARDED_AVAILABILITY = YES_AGGRESSIVE;
				CLANG_WARN_UNREACHABLE_CODE = YES;
				CLANG_WARN__DUPLICATE_METHOD_MATCH = YES;
				COPY_PHASE_STRIP = NO;
				DEBUG_INFORMATION_FORMAT = "dwarf-with-dsym";
				ENABLE_NS_ASSERTIONS = NO;
				ENABLE_STRICT_OBJC_MSGSEND = YES;
				GCC_C_LANGUAGE_STANDARD = gnu11;
				GCC_NO_COMMON_BLOCKS = YES;
				GCC_WARN_64_TO_32_BIT_CONVERSION = YES;
				GCC_WARN_ABOUT_RETURN_TYPE = YES_ERROR;
				GCC_WARN_UNDECLARED_SELECTOR = YES;
				GCC_WARN_UNINITIALIZED_AUTOS = YES_AGGRESSIVE;
				GCC_WARN_UNUSED_FUNCTION = YES;
				GCC_WARN_UNUSED_VARIABLE = YES;
				IPHONEOS_DEPLOYMENT_TARGET = 15.0;
				MTL_ENABLE_DEBUG_INFO = NO;
				MTL_FAST_MATH = YES;
				SDKROOT = iphoneos;
				SWIFT_COMPILATION_MODE = wholemodule;
				SWIFT_OPTIMIZATION_LEVEL = "-O";
				VALIDATE_PRODUCT = YES;
			};
			name = Release;
		};
		260F99A6289D1B470010E258 /* Debug */ = {
			isa = XCBuildConfiguration;
			baseConfigurationReference = 0AF13A4023B2AC0C86E1AACC /* Pods-IntoHistory.debug.xcconfig */;
			buildSettings = {
				ASSETCATALOG_COMPILER_APPICON_NAME = AppIcon;
				ASSETCATALOG_COMPILER_GLOBAL_ACCENT_COLOR_NAME = AccentColor;
				CODE_SIGN_STYLE = Automatic;
				CURRENT_PROJECT_VERSION = 1;
				DEVELOPMENT_TEAM = N6LML762WM;
				GENERATE_INFOPLIST_FILE = YES;
				INFOPLIST_FILE = IntoHistory/Info.plist;
				INFOPLIST_KEY_CFBundleDisplayName = "걸어서 역사속으로";
				INFOPLIST_KEY_UIApplicationSupportsIndirectInputEvents = YES;
				INFOPLIST_KEY_UILaunchStoryboardName = LaunchScreen;
				INFOPLIST_KEY_UISupportedInterfaceOrientations_iPad = "UIInterfaceOrientationPortrait UIInterfaceOrientationPortraitUpsideDown UIInterfaceOrientationLandscapeLeft UIInterfaceOrientationLandscapeRight";
				INFOPLIST_KEY_UISupportedInterfaceOrientations_iPhone = "UIInterfaceOrientationPortrait UIInterfaceOrientationLandscapeLeft UIInterfaceOrientationLandscapeRight";
				LD_RUNPATH_SEARCH_PATHS = (
					"$(inherited)",
					"@executable_path/Frameworks",
				);
				MARKETING_VERSION = 1.0;
				PRODUCT_BUNDLE_IDENTIFIER = com.immeenu.IntoHistory;
				PRODUCT_NAME = "$(TARGET_NAME)";
				SWIFT_EMIT_LOC_STRINGS = YES;
				SWIFT_VERSION = 5.0;
				TARGETED_DEVICE_FAMILY = "1,2";
			};
			name = Debug;
		};
		260F99A7289D1B470010E258 /* Release */ = {
			isa = XCBuildConfiguration;
			baseConfigurationReference = 31444BDF2B6EE4561E242759 /* Pods-IntoHistory.release.xcconfig */;
			buildSettings = {
				ASSETCATALOG_COMPILER_APPICON_NAME = AppIcon;
				ASSETCATALOG_COMPILER_GLOBAL_ACCENT_COLOR_NAME = AccentColor;
				CODE_SIGN_STYLE = Automatic;
				CURRENT_PROJECT_VERSION = 1;
				DEVELOPMENT_TEAM = N6LML762WM;
				GENERATE_INFOPLIST_FILE = YES;
				INFOPLIST_FILE = IntoHistory/Info.plist;
				INFOPLIST_KEY_CFBundleDisplayName = "걸어서 역사속으로";
				INFOPLIST_KEY_UIApplicationSupportsIndirectInputEvents = YES;
				INFOPLIST_KEY_UILaunchStoryboardName = LaunchScreen;
				INFOPLIST_KEY_UISupportedInterfaceOrientations_iPad = "UIInterfaceOrientationPortrait UIInterfaceOrientationPortraitUpsideDown UIInterfaceOrientationLandscapeLeft UIInterfaceOrientationLandscapeRight";
				INFOPLIST_KEY_UISupportedInterfaceOrientations_iPhone = "UIInterfaceOrientationPortrait UIInterfaceOrientationLandscapeLeft UIInterfaceOrientationLandscapeRight";
				LD_RUNPATH_SEARCH_PATHS = (
					"$(inherited)",
					"@executable_path/Frameworks",
				);
				MARKETING_VERSION = 1.0;
				PRODUCT_BUNDLE_IDENTIFIER = com.immeenu.IntoHistory;
				PRODUCT_NAME = "$(TARGET_NAME)";
				SWIFT_EMIT_LOC_STRINGS = YES;
				SWIFT_VERSION = 5.0;
				TARGETED_DEVICE_FAMILY = "1,2";
			};
			name = Release;
		};
/* End XCBuildConfiguration section */

/* Begin XCConfigurationList section */
		260F9989289D1B460010E258 /* Build configuration list for PBXProject "IntoHistory" */ = {
			isa = XCConfigurationList;
			buildConfigurations = (
				260F99A3289D1B470010E258 /* Debug */,
				260F99A4289D1B470010E258 /* Release */,
			);
			defaultConfigurationIsVisible = 0;
			defaultConfigurationName = Release;
		};
		260F99A5289D1B470010E258 /* Build configuration list for PBXNativeTarget "IntoHistory" */ = {
			isa = XCConfigurationList;
			buildConfigurations = (
				260F99A6289D1B470010E258 /* Debug */,
				260F99A7289D1B470010E258 /* Release */,
			);
			defaultConfigurationIsVisible = 0;
			defaultConfigurationName = Release;
		};
/* End XCConfigurationList section */

/* Begin XCVersionGroup section */
		260F999A289D1B460010E258 /* Model.xcdatamodeld */ = {
			isa = XCVersionGroup;
			children = (
				260F999B289D1B460010E258 /* IntoHistory.xcdatamodel */,
			);
			currentVersion = 260F999B289D1B460010E258 /* IntoHistory.xcdatamodel */;
			path = Model.xcdatamodeld;
			sourceTree = "<group>";
			versionGroupType = wrapper.xcdatamodel;
		};
/* End XCVersionGroup section */
	};
	rootObject = 260F9986289D1B460010E258 /* Project object */;
}
