// !$*UTF8*$!
{
	archiveVersion = 1;
	classes = {
	};
	objectVersion = 55;
	objects = {

/* Begin PBXBuildFile section */
		260F9992289D1B460010E258 /* AppDelegate.swift in Sources */ = {isa = PBXBuildFile; fileRef = 260F9991289D1B460010E258 /* AppDelegate.swift */; };
		260F9994289D1B460010E258 /* SceneDelegate.swift in Sources */ = {isa = PBXBuildFile; fileRef = 260F9993289D1B460010E258 /* SceneDelegate.swift */; };
		260F9996289D1B460010E258 /* ViewController.swift in Sources */ = {isa = PBXBuildFile; fileRef = 260F9995289D1B460010E258 /* ViewController.swift */; };
		260F9999289D1B460010E258 /* Main.storyboard in Resources */ = {isa = PBXBuildFile; fileRef = 260F9997289D1B460010E258 /* Main.storyboard */; };
		260F999C289D1B460010E258 /* IntoHistory.xcdatamodeld in Sources */ = {isa = PBXBuildFile; fileRef = 260F999A289D1B460010E258 /* IntoHistory.xcdatamodeld */; };
		260F999E289D1B470010E258 /* Assets.xcassets in Resources */ = {isa = PBXBuildFile; fileRef = 260F999D289D1B470010E258 /* Assets.xcassets */; };
		260F99A1289D1B470010E258 /* LaunchScreen.storyboard in Resources */ = {isa = PBXBuildFile; fileRef = 260F999F289D1B470010E258 /* LaunchScreen.storyboard */; };
		26F01C4B28A2680D00D3FD88 /* Data in Resources */ = {isa = PBXBuildFile; fileRef = 26F01C4A28A2680D00D3FD88 /* Data */; };
		97DC30823934BE656C0133F8 /* Pods_IntoHistory.framework in Frameworks */ = {isa = PBXBuildFile; fileRef = B515DC9AB15E501CFE5E42B6 /* Pods_IntoHistory.framework */; };
/* End PBXBuildFile section */

/* Begin PBXFileReference section */
		260F998E289D1B460010E258 /* IntoHistory.app */ = {isa = PBXFileReference; explicitFileType = wrapper.application; includeInIndex = 0; path = IntoHistory.app; sourceTree = BUILT_PRODUCTS_DIR; };
		260F9991289D1B460010E258 /* AppDelegate.swift */ = {isa = PBXFileReference; lastKnownFileType = sourcecode.swift; path = AppDelegate.swift; sourceTree = "<group>"; };
		260F9993289D1B460010E258 /* SceneDelegate.swift */ = {isa = PBXFileReference; lastKnownFileType = sourcecode.swift; path = SceneDelegate.swift; sourceTree = "<group>"; };
		260F9995289D1B460010E258 /* ViewController.swift */ = {isa = PBXFileReference; lastKnownFileType = sourcecode.swift; path = ViewController.swift; sourceTree = "<group>"; };
		260F9998289D1B460010E258 /* Base */ = {isa = PBXFileReference; lastKnownFileType = file.storyboard; name = Base; path = Base.lproj/Main.storyboard; sourceTree = "<group>"; };
		260F999B289D1B460010E258 /* IntoHistory.xcdatamodel */ = {isa = PBXFileReference; lastKnownFileType = wrapper.xcdatamodel; path = IntoHistory.xcdatamodel; sourceTree = "<group>"; };
		260F999D289D1B470010E258 /* Assets.xcassets */ = {isa = PBXFileReference; lastKnownFileType = folder.assetcatalog; path = Assets.xcassets; sourceTree = "<group>"; };
		260F99A0289D1B470010E258 /* Base */ = {isa = PBXFileReference; lastKnownFileType = file.storyboard; name = Base; path = Base.lproj/LaunchScreen.storyboard; sourceTree = "<group>"; };
		260F99A2289D1B470010E258 /* Info.plist */ = {isa = PBXFileReference; lastKnownFileType = text.plist.xml; path = Info.plist; sourceTree = "<group>"; };
		26F01C4A28A2680D00D3FD88 /* Data */ = {isa = PBXFileReference; lastKnownFileType = folder; path = Data; sourceTree = "<group>"; };
		651A9216A16649534E48C0C3 /* Pods-IntoHistory.debug.xcconfig */ = {isa = PBXFileReference; includeInIndex = 1; lastKnownFileType = text.xcconfig; name = "Pods-IntoHistory.debug.xcconfig"; path = "Target Support Files/Pods-IntoHistory/Pods-IntoHistory.debug.xcconfig"; sourceTree = "<group>"; };
		B515DC9AB15E501CFE5E42B6 /* Pods_IntoHistory.framework */ = {isa = PBXFileReference; explicitFileType = wrapper.framework; includeInIndex = 0; path = Pods_IntoHistory.framework; sourceTree = BUILT_PRODUCTS_DIR; };
		B6A3CDF703552AE40F0D386A /* Pods-IntoHistory.release.xcconfig */ = {isa = PBXFileReference; includeInIndex = 1; lastKnownFileType = text.xcconfig; name = "Pods-IntoHistory.release.xcconfig"; path = "Target Support Files/Pods-IntoHistory/Pods-IntoHistory.release.xcconfig"; sourceTree = "<group>"; };
/* End PBXFileReference section */

/* Begin PBXFrameworksBuildPhase section */
		260F998B289D1B460010E258 /* Frameworks */ = {
			isa = PBXFrameworksBuildPhase;
			buildActionMask = 2147483647;
			files = (
				97DC30823934BE656C0133F8 /* Pods_IntoHistory.framework in Frameworks */,
			);
			runOnlyForDeploymentPostprocessing = 0;
		};
/* End PBXFrameworksBuildPhase section */

/* Begin PBXGroup section */
		260F9985289D1B460010E258 = {
			isa = PBXGroup;
			children = (
				260F9990289D1B460010E258 /* IntoHistory */,
				260F998F289D1B460010E258 /* Products */,
				B5D037A3B02EC45762A59F3F /* Pods */,
				6F85F6AC7E95FBBFDC4E6CE0 /* Frameworks */,
			);
			sourceTree = "<group>";
		};
		260F998F289D1B460010E258 /* Products */ = {
			isa = PBXGroup;
			children = (
				260F998E289D1B460010E258 /* IntoHistory.app */,
			);
			name = Products;
			sourceTree = "<group>";
		};
		260F9990289D1B460010E258 /* IntoHistory */ = {
			isa = PBXGroup;
			children = (
				260F9991289D1B460010E258 /* AppDelegate.swift */,
				260F9993289D1B460010E258 /* SceneDelegate.swift */,
				260F9995289D1B460010E258 /* ViewController.swift */,
				260F9997289D1B460010E258 /* Main.storyboard */,
				260F999D289D1B470010E258 /* Assets.xcassets */,
				260F999F289D1B470010E258 /* LaunchScreen.storyboard */,
				260F99A2289D1B470010E258 /* Info.plist */,
				260F999A289D1B460010E258 /* IntoHistory.xcdatamodeld */,
				26F01C4A28A2680D00D3FD88 /* Data */,
			);
			path = IntoHistory;
			sourceTree = "<group>";
		};
		6F85F6AC7E95FBBFDC4E6CE0 /* Frameworks */ = {
			isa = PBXGroup;
			children = (
				B515DC9AB15E501CFE5E42B6 /* Pods_IntoHistory.framework */,
			);
			name = Frameworks;
			sourceTree = "<group>";
		};
		B5D037A3B02EC45762A59F3F /* Pods */ = {
			isa = PBXGroup;
			children = (
				651A9216A16649534E48C0C3 /* Pods-IntoHistory.debug.xcconfig */,
				B6A3CDF703552AE40F0D386A /* Pods-IntoHistory.release.xcconfig */,
			);
			name = Pods;
			path = Pods;
			sourceTree = "<group>";
		};
/* End PBXGroup section */

/* Begin PBXNativeTarget section */
		260F998D289D1B460010E258 /* IntoHistory */ = {
			isa = PBXNativeTarget;
			buildConfigurationList = 260F99A5289D1B470010E258 /* Build configuration list for PBXNativeTarget "IntoHistory" */;
			buildPhases = (
				0F5611B6458F6BE3446EC369 /* [CP] Check Pods Manifest.lock */,
				260F998A289D1B460010E258 /* Sources */,
				260F998B289D1B460010E258 /* Frameworks */,
				260F998C289D1B460010E258 /* Resources */,
				346BDE8CF300C2A103EF7000 /* [CP] Embed Pods Frameworks */,
			);
			buildRules = (
			);
			dependencies = (
			);
			name = IntoHistory;
			productName = IntoHistory;
			productReference = 260F998E289D1B460010E258 /* IntoHistory.app */;
			productType = "com.apple.product-type.application";
		};
/* End PBXNativeTarget section */

/* Begin PBXProject section */
		260F9986289D1B460010E258 /* Project object */ = {
			isa = PBXProject;
			attributes = {
				BuildIndependentTargetsInParallel = 1;
				LastSwiftUpdateCheck = 1340;
				LastUpgradeCheck = 1340;
				TargetAttributes = {
					260F998D289D1B460010E258 = {
						CreatedOnToolsVersion = 13.4.1;
					};
				};
			};
			buildConfigurationList = 260F9989289D1B460010E258 /* Build configuration list for PBXProject "IntoHistory" */;
			compatibilityVersion = "Xcode 13.0";
			developmentRegion = en;
			hasScannedForEncodings = 0;
			knownRegions = (
				en,
				Base,
			);
			mainGroup = 260F9985289D1B460010E258;
			productRefGroup = 260F998F289D1B460010E258 /* Products */;
			projectDirPath = "";
			projectRoot = "";
			targets = (
				260F998D289D1B460010E258 /* IntoHistory */,
			);
		};
/* End PBXProject section */

/* Begin PBXResourcesBuildPhase section */
		260F998C289D1B460010E258 /* Resources */ = {
			isa = PBXResourcesBuildPhase;
			buildActionMask = 2147483647;
			files = (
				260F99A1289D1B470010E258 /* LaunchScreen.storyboard in Resources */,
				260F999E289D1B470010E258 /* Assets.xcassets in Resources */,
				26F01C4B28A2680D00D3FD88 /* Data in Resources */,
				260F9999289D1B460010E258 /* Main.storyboard in Resources */,
			);
			runOnlyForDeploymentPostprocessing = 0;
		};
/* End PBXResourcesBuildPhase section */

/* Begin PBXShellScriptBuildPhase section */
		0F5611B6458F6BE3446EC369 /* [CP] Check Pods Manifest.lock */ = {
			isa = PBXShellScriptBuildPhase;
			buildActionMask = 2147483647;
			files = (
			);
			inputFileListPaths = (
			);
			inputPaths = (
				"${PODS_PODFILE_DIR_PATH}/Podfile.lock",
				"${PODS_ROOT}/Manifest.lock",
			);
			name = "[CP] Check Pods Manifest.lock";
			outputFileListPaths = (
			);
			outputPaths = (
				"$(DERIVED_FILE_DIR)/Pods-IntoHistory-checkManifestLockResult.txt",
			);
			runOnlyForDeploymentPostprocessing = 0;
			shellPath = /bin/sh;
			shellScript = "diff \"${PODS_PODFILE_DIR_PATH}/Podfile.lock\" \"${PODS_ROOT}/Manifest.lock\" > /dev/null\nif [ $? != 0 ] ; then\n    # print error to STDERR\n    echo \"error: The sandbox is not in sync with the Podfile.lock. Run 'pod install' or update your CocoaPods installation.\" >&2\n    exit 1\nfi\n# This output is used by Xcode 'outputs' to avoid re-running this script phase.\necho \"SUCCESS\" > \"${SCRIPT_OUTPUT_FILE_0}\"\n";
			showEnvVarsInLog = 0;
		};
		346BDE8CF300C2A103EF7000 /* [CP] Embed Pods Frameworks */ = {
			isa = PBXShellScriptBuildPhase;
			buildActionMask = 2147483647;
			files = (
			);
			inputFileListPaths = (
				"${PODS_ROOT}/Target Support Files/Pods-IntoHistory/Pods-IntoHistory-frameworks-${CONFIGURATION}-input-files.xcfilelist",
			);
			name = "[CP] Embed Pods Frameworks";
			outputFileListPaths = (
				"${PODS_ROOT}/Target Support Files/Pods-IntoHistory/Pods-IntoHistory-frameworks-${CONFIGURATION}-output-files.xcfilelist",
			);
			runOnlyForDeploymentPostprocessing = 0;
			shellPath = /bin/sh;
			shellScript = "\"${PODS_ROOT}/Target Support Files/Pods-IntoHistory/Pods-IntoHistory-frameworks.sh\"\n";
			showEnvVarsInLog = 0;
		};
/* End PBXShellScriptBuildPhase section */

/* Begin PBXSourcesBuildPhase section */
		260F998A289D1B460010E258 /* Sources */ = {
			isa = PBXSourcesBuildPhase;
			buildActionMask = 2147483647;
			files = (
				260F999C289D1B460010E258 /* IntoHistory.xcdatamodeld in Sources */,
				260F9996289D1B460010E258 /* ViewController.swift in Sources */,
				260F9992289D1B460010E258 /* AppDelegate.swift in Sources */,
				260F9994289D1B460010E258 /* SceneDelegate.swift in Sources */,
			);
			runOnlyForDeploymentPostprocessing = 0;
		};
/* End PBXSourcesBuildPhase section */

/* Begin PBXVariantGroup section */
		260F9997289D1B460010E258 /* Main.storyboard */ = {
			isa = PBXVariantGroup;
			children = (
				260F9998289D1B460010E258 /* Base */,
			);
			name = Main.storyboard;
			sourceTree = "<group>";
		};
		260F999F289D1B470010E258 /* LaunchScreen.storyboard */ = {
			isa = PBXVariantGroup;
			children = (
				260F99A0289D1B470010E258 /* Base */,
			);
			name = LaunchScreen.storyboard;
			sourceTree = "<group>";
		};
/* End PBXVariantGroup section */

/* Begin XCBuildConfiguration section */
		260F99A3289D1B470010E258 /* Debug */ = {
			isa = XCBuildConfiguration;
			buildSettings = {
				ALWAYS_SEARCH_USER_PATHS = NO;
				CLANG_ANALYZER_NONNULL = YES;
				CLANG_ANALYZER_NUMBER_OBJECT_CONVERSION = YES_AGGRESSIVE;
				CLANG_CXX_LANGUAGE_STANDARD = "gnu++17";
				CLANG_ENABLE_MODULES = YES;
				CLANG_ENABLE_OBJC_ARC = YES;
				CLANG_ENABLE_OBJC_WEAK = YES;
				CLANG_WARN_BLOCK_CAPTURE_AUTORELEASING = YES;
				CLANG_WARN_BOOL_CONVERSION = YES;
				CLANG_WARN_COMMA = YES;
				CLANG_WARN_CONSTANT_CONVERSION = YES;
				CLANG_WARN_DEPRECATED_OBJC_IMPLEMENTATIONS = YES;
				CLANG_WARN_DIRECT_OBJC_ISA_USAGE = YES_ERROR;
				CLANG_WARN_DOCUMENTATION_COMMENTS = YES;
				CLANG_WARN_EMPTY_BODY = YES;
				CLANG_WARN_ENUM_CONVERSION = YES;
				CLANG_WARN_INFINITE_RECURSION = YES;
				CLANG_WARN_INT_CONVERSION = YES;
				CLANG_WARN_NON_LITERAL_NULL_CONVERSION = YES;
				CLANG_WARN_OBJC_IMPLICIT_RETAIN_SELF = YES;
				CLANG_WARN_OBJC_LITERAL_CONVERSION = YES;
				CLANG_WARN_OBJC_ROOT_CLASS = YES_ERROR;
				CLANG_WARN_QUOTED_INCLUDE_IN_FRAMEWORK_HEADER = YES;
				CLANG_WARN_RANGE_LOOP_ANALYSIS = YES;
				CLANG_WARN_STRICT_PROTOTYPES = YES;
				CLANG_WARN_SUSPICIOUS_MOVE = YES;
				CLANG_WARN_UNGUARDED_AVAILABILITY = YES_AGGRESSIVE;
				CLANG_WARN_UNREACHABLE_CODE = YES;
				CLANG_WARN__DUPLICATE_METHOD_MATCH = YES;
				COPY_PHASE_STRIP = NO;
				DEBUG_INFORMATION_FORMAT = dwarf;
				ENABLE_STRICT_OBJC_MSGSEND = YES;
				ENABLE_TESTABILITY = YES;
				GCC_C_LANGUAGE_STANDARD = gnu11;
				GCC_DYNAMIC_NO_PIC = NO;
				GCC_NO_COMMON_BLOCKS = YES;
				GCC_OPTIMIZATION_LEVEL = 0;
				GCC_PREPROCESSOR_DEFINITIONS = (
					"DEBUG=1",
					"$(inherited)",
				);
				GCC_WARN_64_TO_32_BIT_CONVERSION = YES;
				GCC_WARN_ABOUT_RETURN_TYPE = YES_ERROR;
				GCC_WARN_UNDECLARED_SELECTOR = YES;
				GCC_WARN_UNINITIALIZED_AUTOS = YES_AGGRESSIVE;
				GCC_WARN_UNUSED_FUNCTION = YES;
				GCC_WARN_UNUSED_VARIABLE = YES;
				IPHONEOS_DEPLOYMENT_TARGET = 15.5;
				MTL_ENABLE_DEBUG_INFO = INCLUDE_SOURCE;
				MTL_FAST_MATH = YES;
				ONLY_ACTIVE_ARCH = YES;
				SDKROOT = iphoneos;
				SWIFT_ACTIVE_COMPILATION_CONDITIONS = DEBUG;
				SWIFT_OPTIMIZATION_LEVEL = "-Onone";
			};
			name = Debug;
		};
		260F99A4289D1B470010E258 /* Release */ = {
			isa = XCBuildConfiguration;
			buildSettings = {
				ALWAYS_SEARCH_USER_PATHS = NO;
				CLANG_ANALYZER_NONNULL = YES;
				CLANG_ANALYZER_NUMBER_OBJECT_CONVERSION = YES_AGGRESSIVE;
				CLANG_CXX_LANGUAGE_STANDARD = "gnu++17";
				CLANG_ENABLE_MODULES = YES;
				CLANG_ENABLE_OBJC_ARC = YES;
				CLANG_ENABLE_OBJC_WEAK = YES;
				CLANG_WARN_BLOCK_CAPTURE_AUTORELEASING = YES;
				CLANG_WARN_BOOL_CONVERSION = YES;
				CLANG_WARN_COMMA = YES;
				CLANG_WARN_CONSTANT_CONVERSION = YES;
				CLANG_WARN_DEPRECATED_OBJC_IMPLEMENTATIONS = YES;
				CLANG_WARN_DIRECT_OBJC_ISA_USAGE = YES_ERROR;
				CLANG_WARN_DOCUMENTATION_COMMENTS = YES;
				CLANG_WARN_EMPTY_BODY = YES;
				CLANG_WARN_ENUM_CONVERSION = YES;
				CLANG_WARN_INFINITE_RECURSION = YES;
				CLANG_WARN_INT_CONVERSION = YES;
				CLANG_WARN_NON_LITERAL_NULL_CONVERSION = YES;
				CLANG_WARN_OBJC_IMPLICIT_RETAIN_SELF = YES;
				CLANG_WARN_OBJC_LITERAL_CONVERSION = YES;
				CLANG_WARN_OBJC_ROOT_CLASS = YES_ERROR;
				CLANG_WARN_QUOTED_INCLUDE_IN_FRAMEWORK_HEADER = YES;
				CLANG_WARN_RANGE_LOOP_ANALYSIS = YES;
				CLANG_WARN_STRICT_PROTOTYPES = YES;
				CLANG_WARN_SUSPICIOUS_MOVE = YES;
				CLANG_WARN_UNGUARDED_AVAILABILITY = YES_AGGRESSIVE;
				CLANG_WARN_UNREACHABLE_CODE = YES;
				CLANG_WARN__DUPLICATE_METHOD_MATCH = YES;
				COPY_PHASE_STRIP = NO;
				DEBUG_INFORMATION_FORMAT = "dwarf-with-dsym";
				ENABLE_NS_ASSERTIONS = NO;
				ENABLE_STRICT_OBJC_MSGSEND = YES;
				GCC_C_LANGUAGE_STANDARD = gnu11;
				GCC_NO_COMMON_BLOCKS = YES;
				GCC_WARN_64_TO_32_BIT_CONVERSION = YES;
				GCC_WARN_ABOUT_RETURN_TYPE = YES_ERROR;
				GCC_WARN_UNDECLARED_SELECTOR = YES;
				GCC_WARN_UNINITIALIZED_AUTOS = YES_AGGRESSIVE;
				GCC_WARN_UNUSED_FUNCTION = YES;
				GCC_WARN_UNUSED_VARIABLE = YES;
				IPHONEOS_DEPLOYMENT_TARGET = 15.5;
				MTL_ENABLE_DEBUG_INFO = NO;
				MTL_FAST_MATH = YES;
				SDKROOT = iphoneos;
				SWIFT_COMPILATION_MODE = wholemodule;
				SWIFT_OPTIMIZATION_LEVEL = "-O";
				VALIDATE_PRODUCT = YES;
			};
			name = Release;
		};
		260F99A6289D1B470010E258 /* Debug */ = {
			isa = XCBuildConfiguration;
			baseConfigurationReference = 651A9216A16649534E48C0C3 /* Pods-IntoHistory.debug.xcconfig */;
			buildSettings = {
				ASSETCATALOG_COMPILER_APPICON_NAME = AppIcon;
				ASSETCATALOG_COMPILER_GLOBAL_ACCENT_COLOR_NAME = AccentColor;
				CODE_SIGN_STYLE = Automatic;
				CURRENT_PROJECT_VERSION = 1;
				DEVELOPMENT_TEAM = F2SSSA5NRF;
				GENERATE_INFOPLIST_FILE = YES;
				INFOPLIST_FILE = IntoHistory/Info.plist;
				INFOPLIST_KEY_UIApplicationSupportsIndirectInputEvents = YES;
				INFOPLIST_KEY_UILaunchStoryboardName = LaunchScreen;
				INFOPLIST_KEY_UIMainStoryboardFile = Main;
				INFOPLIST_KEY_UISupportedInterfaceOrientations_iPad = "UIInterfaceOrientationPortrait UIInterfaceOrientationPortraitUpsideDown UIInterfaceOrientationLandscapeLeft UIInterfaceOrientationLandscapeRight";
				INFOPLIST_KEY_UISupportedInterfaceOrientations_iPhone = "UIInterfaceOrientationPortrait UIInterfaceOrientationLandscapeLeft UIInterfaceOrientationLandscapeRight";
				LD_RUNPATH_SEARCH_PATHS = (
					"$(inherited)",
					"@executable_path/Frameworks",
				);
				MARKETING_VERSION = 1.0;
				PRODUCT_BUNDLE_IDENTIFIER = com.immeenu.IntoHistory;
				PRODUCT_NAME = "$(TARGET_NAME)";
				SWIFT_EMIT_LOC_STRINGS = YES;
				SWIFT_VERSION = 5.0;
				TARGETED_DEVICE_FAMILY = "1,2";
			};
			name = Debug;
		};
		260F99A7289D1B470010E258 /* Release */ = {
			isa = XCBuildConfiguration;
			baseConfigurationReference = B6A3CDF703552AE40F0D386A /* Pods-IntoHistory.release.xcconfig */;
			buildSettings = {
				ASSETCATALOG_COMPILER_APPICON_NAME = AppIcon;
				ASSETCATALOG_COMPILER_GLOBAL_ACCENT_COLOR_NAME = AccentColor;
				CODE_SIGN_STYLE = Automatic;
				CURRENT_PROJECT_VERSION = 1;
				DEVELOPMENT_TEAM = F2SSSA5NRF;
				GENERATE_INFOPLIST_FILE = YES;
				INFOPLIST_FILE = IntoHistory/Info.plist;
				INFOPLIST_KEY_UIApplicationSupportsIndirectInputEvents = YES;
				INFOPLIST_KEY_UILaunchStoryboardName = LaunchScreen;
				INFOPLIST_KEY_UIMainStoryboardFile = Main;
				INFOPLIST_KEY_UISupportedInterfaceOrientations_iPad = "UIInterfaceOrientationPortrait UIInterfaceOrientationPortraitUpsideDown UIInterfaceOrientationLandscapeLeft UIInterfaceOrientationLandscapeRight";
				INFOPLIST_KEY_UISupportedInterfaceOrientations_iPhone = "UIInterfaceOrientationPortrait UIInterfaceOrientationLandscapeLeft UIInterfaceOrientationLandscapeRight";
				LD_RUNPATH_SEARCH_PATHS = (
					"$(inherited)",
					"@executable_path/Frameworks",
				);
				MARKETING_VERSION = 1.0;
				PRODUCT_BUNDLE_IDENTIFIER = com.immeenu.IntoHistory;
				PRODUCT_NAME = "$(TARGET_NAME)";
				SWIFT_EMIT_LOC_STRINGS = YES;
				SWIFT_VERSION = 5.0;
				TARGETED_DEVICE_FAMILY = "1,2";
			};
			name = Release;
		};
/* End XCBuildConfiguration section */

/* Begin XCConfigurationList section */
		260F9989289D1B460010E258 /* Build configuration list for PBXProject "IntoHistory" */ = {
			isa = XCConfigurationList;
			buildConfigurations = (
				260F99A3289D1B470010E258 /* Debug */,
				260F99A4289D1B470010E258 /* Release */,
			);
			defaultConfigurationIsVisible = 0;
			defaultConfigurationName = Release;
		};
		260F99A5289D1B470010E258 /* Build configuration list for PBXNativeTarget "IntoHistory" */ = {
			isa = XCConfigurationList;
			buildConfigurations = (
				260F99A6289D1B470010E258 /* Debug */,
				260F99A7289D1B470010E258 /* Release */,
			);
			defaultConfigurationIsVisible = 0;
			defaultConfigurationName = Release;
		};
/* End XCConfigurationList section */

/* Begin XCVersionGroup section */
		260F999A289D1B460010E258 /* IntoHistory.xcdatamodeld */ = {
			isa = XCVersionGroup;
			children = (
				260F999B289D1B460010E258 /* IntoHistory.xcdatamodel */,
			);
			currentVersion = 260F999B289D1B460010E258 /* IntoHistory.xcdatamodel */;
			path = IntoHistory.xcdatamodeld;
			sourceTree = "<group>";
			versionGroupType = wrapper.xcdatamodel;
		};
/* End XCVersionGroup section */
	};
	rootObject = 260F9986289D1B460010E258 /* Project object */;
}
